
Microsoft Visual Studio Solution File, Format Version 12.00
# Visual Studio Version 16
VisualStudioVersion = 16.0.30804.86
MinimumVisualStudioVersion = 10.0.40219.1
Project("{FAE04EC0-301F-11D3-BF4B-00C04F79EFBC}") = "SiraBench.Mod", "SiraBench.Mod\SiraBench.Mod.csproj", "{63E9A18D-D99E-4583-AAA7-84CD7783B930}"
EndProject
Global
	GlobalSection(SolutionConfigurationPlatforms) = preSolution
		Debug|Any CPU = Debug|Any CPU
		Release|Any CPU = Release|Any CPU
	EndGlobalSection
	GlobalSection(ProjectConfigurationPlatforms) = postSolution
		{63E9A18D-D99E-4583-AAA7-84CD7783B930}.Debug|Any CPU.ActiveCfg = Debug|Any CPU
		{63E9A18D-D99E-4583-AAA7-84CD7783B930}.Debug|Any CPU.Build.0 = Debug|Any CPU
		{63E9A18D-D99E-4583-AAA7-84CD7783B930}.Release|Any CPU.ActiveCfg = Release|Any CPU
		{63E9A18D-D99E-4583-AAA7-84CD7783B930}.Release|Any CPU.Build.0 = Release|Any CPU
	EndGlobalSection
	GlobalSection(SolutionProperties) = preSolution
		HideSolutionNode = FALSE
	EndGlobalSection
	GlobalSection(ExtensibilityGlobals) = postSolution
		SolutionGuid = {EE1B3CB7-6857-4265-8149-627DA7F3AD4A}
	EndGlobalSection
EndGlobal
